PODS:
  - Anchorage (4.5.0)
  - GoogleWebRTC (1.1.31999)
  - PromisesObjC (1.2.12)
  - PromisesSwift (1.2.12):
    - PromisesObjC (= 1.2.12)
  - Starscream (3.1.1)
  - SwiftPhoenixClient (1.3.0):
    - Starscream (~> 3.1.0)

DEPENDENCIES:
  - Anchorage
  - GoogleWebRTC
  - PromisesSwift
  - SwiftPhoenixClient

SPEC REPOS:
  trunk:
    - Anchorage
    - GoogleWebRTC
    - PromisesObjC
    - PromisesSwift
    - Starscream
    - SwiftPhoenixClient

SPEC CHECKSUMS:
  Anchorage: 1961bc81c84aeed54ad7ffc697c50cd9de748ba6
  GoogleWebRTC: b39a78c4f5cc6b0323415b9233db03a2faa7b0f0
  PromisesObjC: 3113f7f76903778cf4a0586bd1ab89329a0b7b97
  PromisesSwift: 64085cf6e5fc1b5001f90cf31e87a1f1621fefee
  Starscream: 4bb2f9942274833f7b4d296a55504dcfc7edb7b0
  SwiftPhoenixClient: 50cadfc54ce671fab33a99869c0152172c1554ef

PODFILE CHECKSUM: 15198ba366d30c5760977dcb05a75135a5d9ee4c

COCOAPODS: 1.10.1
