// !$*UTF8*$!
{
	archiveVersion = 1;
	classes = {
	};
	objectVersion = 51;
	objects = {

/* Begin PBXBuildFile section */
		10CD3B0D25FB77F900A62858 /* AppDelegate.swift in Sources */ = {isa = PBXBuildFile; fileRef = 10CD3B0C25FB77F900A62858 /* AppDelegate.swift */; };
		10CD3B1125FB77F900A62858 /* CallVC.swift in Sources */ = {isa = PBXBuildFile; fileRef = 10CD3B1025FB77F900A62858 /* CallVC.swift */; };
		10CD3B1625FB77FC00A62858 /* Assets.xcassets in Resources */ = {isa = PBXBuildFile; fileRef = 10CD3B1525FB77FC00A62858 /* Assets.xcassets */; };
		10CD3B1925FB77FC00A62858 /* LaunchScreen.storyboard in Resources */ = {isa = PBXBuildFile; fileRef = 10CD3B1725FB77FC00A62858 /* LaunchScreen.storyboard */; };
		10CD3B3225FB81DC00A62858 /* CallService.swift in Sources */ = {isa = PBXBuildFile; fileRef = 10CD3B3125FB81DC00A62858 /* CallService.swift */; };
		10CD3B3525FB851900A62858 /* VoiceCallMachine.swift in Sources */ = {isa = PBXBuildFile; fileRef = 10CD3B3425FB851900A62858 /* VoiceCallMachine.swift */; };
		10CD3B3825FB854600A62858 /* UUID+.swift in Sources */ = {isa = PBXBuildFile; fileRef = 10CD3B3725FB854600A62858 /* UUID+.swift */; };
		10CD3B3D25FB87B000A62858 /* WebRTCClient.swift in Sources */ = {isa = PBXBuildFile; fileRef = 10CD3B3C25FB87B000A62858 /* WebRTCClient.swift */; };
		10CD3B4225FB883F00A62858 /* WebRTCMessage.swift in Sources */ = {isa = PBXBuildFile; fileRef = 10CD3B4125FB883F00A62858 /* WebRTCMessage.swift */; };
		10CD3B4525FB885500A62858 /* IceCandidate.swift in Sources */ = {isa = PBXBuildFile; fileRef = 10CD3B4425FB885500A62858 /* IceCandidate.swift */; };
		10CD3B4825FB886A00A62858 /* SessionDescription.swift in Sources */ = {isa = PBXBuildFile; fileRef = 10CD3B4725FB886A00A62858 /* SessionDescription.swift */; };
		10CD3B4B25FB887900A62858 /* SignalClient.swift in Sources */ = {isa = PBXBuildFile; fileRef = 10CD3B4A25FB887900A62858 /* SignalClient.swift */; };
		64E0410775BCBA51BEADA122 /* Pods_webrtc_callkit.framework in Frameworks */ = {isa = PBXBuildFile; fileRef = 1E2544487E09046CC63F5276 /* Pods_webrtc_callkit.framework */; };
/* End PBXBuildFile section */

/* Begin PBXFileReference section */
		10CD3B0925FB77F900A62858 /* webrtc-callkit.app */ = {isa = PBXFileReference; explicitFileType = wrapper.application; includeInIndex = 0; path = "webrtc-callkit.app"; sourceTree = BUILT_PRODUCTS_DIR; };
		10CD3B0C25FB77F900A62858 /* AppDelegate.swift */ = {isa = PBXFileReference; lastKnownFileType = sourcecode.swift; path = AppDelegate.swift; sourceTree = "<group>"; };
		10CD3B1025FB77F900A62858 /* CallVC.swift */ = {isa = PBXFileReference; lastKnownFileType = sourcecode.swift; path = CallVC.swift; sourceTree = "<group>"; };
		10CD3B1525FB77FC00A62858 /* Assets.xcassets */ = {isa = PBXFileReference; lastKnownFileType = folder.assetcatalog; path = Assets.xcassets; sourceTree = "<group>"; };
		10CD3B1825FB77FC00A62858 /* Base */ = {isa = PBXFileReference; lastKnownFileType = file.storyboard; name = Base; path = Base.lproj/LaunchScreen.storyboard; sourceTree = "<group>"; };
		10CD3B1A25FB77FC00A62858 /* Info.plist */ = {isa = PBXFileReference; lastKnownFileType = text.plist.xml; path = Info.plist; sourceTree = "<group>"; };
		10CD3B3125FB81DC00A62858 /* CallService.swift */ = {isa = PBXFileReference; lastKnownFileType = sourcecode.swift; path = CallService.swift; sourceTree = "<group>"; };
		10CD3B3425FB851900A62858 /* VoiceCallMachine.swift */ = {isa = PBXFileReference; lastKnownFileType = sourcecode.swift; path = VoiceCallMachine.swift; sourceTree = "<group>"; };
		10CD3B3725FB854600A62858 /* UUID+.swift */ = {isa = PBXFileReference; lastKnownFileType = sourcecode.swift; path = "UUID+.swift"; sourceTree = "<group>"; };
		10CD3B3C25FB87B000A62858 /* WebRTCClient.swift */ = {isa = PBXFileReference; lastKnownFileType = sourcecode.swift; path = WebRTCClient.swift; sourceTree = "<group>"; };
		10CD3B4125FB883F00A62858 /* WebRTCMessage.swift */ = {isa = PBXFileReference; lastKnownFileType = sourcecode.swift; path = WebRTCMessage.swift; sourceTree = "<group>"; };
		10CD3B4425FB885500A62858 /* IceCandidate.swift */ = {isa = PBXFileReference; lastKnownFileType = sourcecode.swift; path = IceCandidate.swift; sourceTree = "<group>"; };
		10CD3B4725FB886A00A62858 /* SessionDescription.swift */ = {isa = PBXFileReference; lastKnownFileType = sourcecode.swift; path = SessionDescription.swift; sourceTree = "<group>"; };
		10CD3B4A25FB887900A62858 /* SignalClient.swift */ = {isa = PBXFileReference; lastKnownFileType = sourcecode.swift; path = SignalClient.swift; sourceTree = "<group>"; };
		1E2544487E09046CC63F5276 /* Pods_webrtc_callkit.framework */ = {isa = PBXFileReference; explicitFileType = wrapper.framework; includeInIndex = 0; path = Pods_webrtc_callkit.framework; sourceTree = BUILT_PRODUCTS_DIR; };
		2BDBBDBAED84BBA205DAF695 /* Pods-webrtc-callkit.debug.xcconfig */ = {isa = PBXFileReference; includeInIndex = 1; lastKnownFileType = text.xcconfig; name = "Pods-webrtc-callkit.debug.xcconfig"; path = "Target Support Files/Pods-webrtc-callkit/Pods-webrtc-callkit.debug.xcconfig"; sourceTree = "<group>"; };
		4E0B0F8519983AC6B8B4FD85 /* Pods-webrtc-callkit.release.xcconfig */ = {isa = PBXFileReference; includeInIndex = 1; lastKnownFileType = text.xcconfig; name = "Pods-webrtc-callkit.release.xcconfig"; path = "Target Support Files/Pods-webrtc-callkit/Pods-webrtc-callkit.release.xcconfig"; sourceTree = "<group>"; };
/* End PBXFileReference section */

/* Begin PBXFrameworksBuildPhase section */
		10CD3B0625FB77F900A62858 /* Frameworks */ = {
			isa = PBXFrameworksBuildPhase;
			buildActionMask = 2147483647;
			files = (
				64E0410775BCBA51BEADA122 /* Pods_webrtc_callkit.framework in Frameworks */,
			);
			runOnlyForDeploymentPostprocessing = 0;
		};
/* End PBXFrameworksBuildPhase section */

/* Begin PBXGroup section */
		10CD3B0025FB77F900A62858 = {
			isa = PBXGroup;
			children = (
				10CD3B0B25FB77F900A62858 /* webrtc-callkit */,
				10CD3B0A25FB77F900A62858 /* Products */,
				D3110A71A1FF29F554913B76 /* Pods */,
				E56E4EB540A8BCEF6F1AACDA /* Frameworks */,
			);
			sourceTree = "<group>";
		};
		10CD3B0A25FB77F900A62858 /* Products */ = {
			isa = PBXGroup;
			children = (
				10CD3B0925FB77F900A62858 /* webrtc-callkit.app */,
			);
			name = Products;
			sourceTree = "<group>";
		};
		10CD3B0B25FB77F900A62858 /* webrtc-callkit */ = {
			isa = PBXGroup;
			children = (
				10CD3B4025FB87BC00A62858 /* WebRTC */,
				10CD3B0C25FB77F900A62858 /* AppDelegate.swift */,
				10CD3B1025FB77F900A62858 /* CallVC.swift */,
				10CD3B3125FB81DC00A62858 /* CallService.swift */,
				10CD3B3425FB851900A62858 /* VoiceCallMachine.swift */,
				10CD3B3725FB854600A62858 /* UUID+.swift */,
				10CD3B1525FB77FC00A62858 /* Assets.xcassets */,
				10CD3B1725FB77FC00A62858 /* LaunchScreen.storyboard */,
				10CD3B1A25FB77FC00A62858 /* Info.plist */,
			);
			path = "webrtc-callkit";
			sourceTree = "<group>";
		};
		10CD3B4025FB87BC00A62858 /* WebRTC */ = {
			isa = PBXGroup;
			children = (
				10CD3B3C25FB87B000A62858 /* WebRTCClient.swift */,
				10CD3B4125FB883F00A62858 /* WebRTCMessage.swift */,
				10CD3B4425FB885500A62858 /* IceCandidate.swift */,
				10CD3B4725FB886A00A62858 /* SessionDescription.swift */,
				10CD3B4A25FB887900A62858 /* SignalClient.swift */,
			);
			path = WebRTC;
			sourceTree = "<group>";
		};
		D3110A71A1FF29F554913B76 /* Pods */ = {
			isa = PBXGroup;
			children = (
				2BDBBDBAED84BBA205DAF695 /* Pods-webrtc-callkit.debug.xcconfig */,
				4E0B0F8519983AC6B8B4FD85 /* Pods-webrtc-callkit.release.xcconfig */,
			);
			path = Pods;
			sourceTree = "<group>";
		};
		E56E4EB540A8BCEF6F1AACDA /* Frameworks */ = {
			isa = PBXGroup;
			children = (
				1E2544487E09046CC63F5276 /* Pods_webrtc_callkit.framework */,
			);
			name = Frameworks;
			sourceTree = "<group>";
		};
/* End PBXGroup section */

/* Begin PBXNativeTarget section */
		10CD3B0825FB77F900A62858 /* webrtc-callkit */ = {
			isa = PBXNativeTarget;
			buildConfigurationList = 10CD3B1D25FB77FC00A62858 /* Build configuration list for PBXNativeTarget "webrtc-callkit" */;
			buildPhases = (
				3C3F44CC932FE079EAB6A80F /* [CP] Check Pods Manifest.lock */,
				10CD3B0525FB77F900A62858 /* Sources */,
				10CD3B0625FB77F900A62858 /* Frameworks */,
				10CD3B0725FB77F900A62858 /* Resources */,
				C376B4D220375A50A36621DB /* [CP] Embed Pods Frameworks */,
			);
			buildRules = (
			);
			dependencies = (
			);
			name = "webrtc-callkit";
			productName = "webrtc-callkit";
			productReference = 10CD3B0925FB77F900A62858 /* webrtc-callkit.app */;
			productType = "com.apple.product-type.application";
		};
/* End PBXNativeTarget section */

/* Begin PBXProject section */
		10CD3B0125FB77F900A62858 /* Project object */ = {
			isa = PBXProject;
			attributes = {
				LastSwiftUpdateCheck = 1240;
				LastUpgradeCheck = 1240;
				TargetAttributes = {
					10CD3B0825FB77F900A62858 = {
						CreatedOnToolsVersion = 12.4;
					};
				};
			};
			buildConfigurationList = 10CD3B0425FB77F900A62858 /* Build configuration list for PBXProject "webrtc-callkit" */;
			compatibilityVersion = "Xcode 9.3";
			developmentRegion = en;
			hasScannedForEncodings = 0;
			knownRegions = (
				en,
				Base,
			);
			mainGroup = 10CD3B0025FB77F900A62858;
			productRefGroup = 10CD3B0A25FB77F900A62858 /* Products */;
			projectDirPath = "";
			projectRoot = "";
			targets = (
				10CD3B0825FB77F900A62858 /* webrtc-callkit */,
			);
		};
/* End PBXProject section */

/* Begin PBXResourcesBuildPhase section */
		10CD3B0725FB77F900A62858 /* Resources */ = {
			isa = PBXResourcesBuildPhase;
			buildActionMask = 2147483647;
			files = (
				10CD3B1925FB77FC00A62858 /* LaunchScreen.storyboard in Resources */,
				10CD3B1625FB77FC00A62858 /* Assets.xcassets in Resources */,
			);
			runOnlyForDeploymentPostprocessing = 0;
		};
/* End PBXResourcesBuildPhase section */

/* Begin PBXShellScriptBuildPhase section */
		3C3F44CC932FE079EAB6A80F /* [CP] Check Pods Manifest.lock */ = {
			isa = PBXShellScriptBuildPhase;
			buildActionMask = 2147483647;
			files = (
			);
			inputFileListPaths = (
			);
			inputPaths = (
				"${PODS_PODFILE_DIR_PATH}/Podfile.lock",
				"${PODS_ROOT}/Manifest.lock",
			);
			name = "[CP] Check Pods Manifest.lock";
			outputFileListPaths = (
			);
			outputPaths = (
				"$(DERIVED_FILE_DIR)/Pods-webrtc-callkit-checkManifestLockResult.txt",
			);
			runOnlyForDeploymentPostprocessing = 0;
			shellPath = /bin/sh;
			shellScript = "diff \"${PODS_PODFILE_DIR_PATH}/Podfile.lock\" \"${PODS_ROOT}/Manifest.lock\" > /dev/null\nif [ $? != 0 ] ; then\n    # print error to STDERR\n    echo \"error: The sandbox is not in sync with the Podfile.lock. Run 'pod install' or update your CocoaPods installation.\" >&2\n    exit 1\nfi\n# This output is used by Xcode 'outputs' to avoid re-running this script phase.\necho \"SUCCESS\" > \"${SCRIPT_OUTPUT_FILE_0}\"\n";
			showEnvVarsInLog = 0;
		};
		C376B4D220375A50A36621DB /* [CP] Embed Pods Frameworks */ = {
			isa = PBXShellScriptBuildPhase;
			buildActionMask = 2147483647;
			files = (
			);
			inputFileListPaths = (
				"${PODS_ROOT}/Target Support Files/Pods-webrtc-callkit/Pods-webrtc-callkit-frameworks-${CONFIGURATION}-input-files.xcfilelist",
			);
			name = "[CP] Embed Pods Frameworks";
			outputFileListPaths = (
				"${PODS_ROOT}/Target Support Files/Pods-webrtc-callkit/Pods-webrtc-callkit-frameworks-${CONFIGURATION}-output-files.xcfilelist",
			);
			runOnlyForDeploymentPostprocessing = 0;
			shellPath = /bin/sh;
			shellScript = "\"${PODS_ROOT}/Target Support Files/Pods-webrtc-callkit/Pods-webrtc-callkit-frameworks.sh\"\n";
			showEnvVarsInLog = 0;
		};
/* End PBXShellScriptBuildPhase section */

/* Begin PBXSourcesBuildPhase section */
		10CD3B0525FB77F900A62858 /* Sources */ = {
			isa = PBXSourcesBuildPhase;
			buildActionMask = 2147483647;
			files = (
				10CD3B4B25FB887900A62858 /* SignalClient.swift in Sources */,
				10CD3B4225FB883F00A62858 /* WebRTCMessage.swift in Sources */,
				10CD3B3525FB851900A62858 /* VoiceCallMachine.swift in Sources */,
				10CD3B1125FB77F900A62858 /* CallVC.swift in Sources */,
				10CD3B4525FB885500A62858 /* IceCandidate.swift in Sources */,
				10CD3B4825FB886A00A62858 /* SessionDescription.swift in Sources */,
				10CD3B0D25FB77F900A62858 /* AppDelegate.swift in Sources */,
				10CD3B3825FB854600A62858 /* UUID+.swift in Sources */,
				10CD3B3225FB81DC00A62858 /* CallService.swift in Sources */,
				10CD3B3D25FB87B000A62858 /* WebRTCClient.swift in Sources */,
			);
			runOnlyForDeploymentPostprocessing = 0;
		};
/* End PBXSourcesBuildPhase section */

/* Begin PBXVariantGroup section */
		10CD3B1725FB77FC00A62858 /* LaunchScreen.storyboard */ = {
			isa = PBXVariantGroup;
			children = (
				10CD3B1825FB77FC00A62858 /* Base */,
			);
			name = LaunchScreen.storyboard;
			sourceTree = "<group>";
		};
/* End PBXVariantGroup section */

/* Begin XCBuildConfiguration section */
		10CD3B1B25FB77FC00A62858 /* Debug */ = {
			isa = XCBuildConfiguration;
			buildSettings = {
				ALWAYS_SEARCH_USER_PATHS = NO;
				CLANG_ANALYZER_NONNULL = YES;
				CLANG_ANALYZER_NUMBER_OBJECT_CONVERSION = YES_AGGRESSIVE;
				CLANG_CXX_LANGUAGE_STANDARD = "gnu++14";
				CLANG_CXX_LIBRARY = "libc++";
				CLANG_ENABLE_MODULES = YES;
				CLANG_ENABLE_OBJC_ARC = YES;
				CLANG_ENABLE_OBJC_WEAK = YES;
				CLANG_WARN_BLOCK_CAPTURE_AUTORELEASING = YES;
				CLANG_WARN_BOOL_CONVERSION = YES;
				CLANG_WARN_COMMA = YES;
				CLANG_WARN_CONSTANT_CONVERSION = YES;
				CLANG_WARN_DEPRECATED_OBJC_IMPLEMENTATIONS = YES;
				CLANG_WARN_DIRECT_OBJC_ISA_USAGE = YES_ERROR;
				CLANG_WARN_DOCUMENTATION_COMMENTS = YES;
				CLANG_WARN_EMPTY_BODY = YES;
				CLANG_WARN_ENUM_CONVERSION = YES;
				CLANG_WARN_INFINITE_RECURSION = YES;
				CLANG_WARN_INT_CONVERSION = YES;
				CLANG_WARN_NON_LITERAL_NULL_CONVERSION = YES;
				CLANG_WARN_OBJC_IMPLICIT_RETAIN_SELF = YES;
				CLANG_WARN_OBJC_LITERAL_CONVERSION = YES;
				CLANG_WARN_OBJC_ROOT_CLASS = YES_ERROR;
				CLANG_WARN_QUOTED_INCLUDE_IN_FRAMEWORK_HEADER = YES;
				CLANG_WARN_RANGE_LOOP_ANALYSIS = YES;
				CLANG_WARN_STRICT_PROTOTYPES = YES;
				CLANG_WARN_SUSPICIOUS_MOVE = YES;
				CLANG_WARN_UNGUARDED_AVAILABILITY = YES_AGGRESSIVE;
				CLANG_WARN_UNREACHABLE_CODE = YES;
				CLANG_WARN__DUPLICATE_METHOD_MATCH = YES;
				COPY_PHASE_STRIP = NO;
				DEBUG_INFORMATION_FORMAT = dwarf;
				ENABLE_STRICT_OBJC_MSGSEND = YES;
				ENABLE_TESTABILITY = YES;
				GCC_C_LANGUAGE_STANDARD = gnu11;
				GCC_DYNAMIC_NO_PIC = NO;
				GCC_NO_COMMON_BLOCKS = YES;
				GCC_OPTIMIZATION_LEVEL = 0;
				GCC_PREPROCESSOR_DEFINITIONS = (
					"DEBUG=1",
					"$(inherited)",
				);
				GCC_WARN_64_TO_32_BIT_CONVERSION = YES;
				GCC_WARN_ABOUT_RETURN_TYPE = YES_ERROR;
				GCC_WARN_UNDECLARED_SELECTOR = YES;
				GCC_WARN_UNINITIALIZED_AUTOS = YES_AGGRESSIVE;
				GCC_WARN_UNUSED_FUNCTION = YES;
				GCC_WARN_UNUSED_VARIABLE = YES;
				IPHONEOS_DEPLOYMENT_TARGET = 10.0;
				MTL_ENABLE_DEBUG_INFO = INCLUDE_SOURCE;
				MTL_FAST_MATH = YES;
				ONLY_ACTIVE_ARCH = YES;
				SDKROOT = iphoneos;
				SWIFT_ACTIVE_COMPILATION_CONDITIONS = DEBUG;
				SWIFT_OPTIMIZATION_LEVEL = "-Onone";
			};
			name = Debug;
		};
		10CD3B1C25FB77FC00A62858 /* Release */ = {
			isa = XCBuildConfiguration;
			buildSettings = {
				ALWAYS_SEARCH_USER_PATHS = NO;
				CLANG_ANALYZER_NONNULL = YES;
				CLANG_ANALYZER_NUMBER_OBJECT_CONVERSION = YES_AGGRESSIVE;
				CLANG_CXX_LANGUAGE_STANDARD = "gnu++14";
				CLANG_CXX_LIBRARY = "libc++";
				CLANG_ENABLE_MODULES = YES;
				CLANG_ENABLE_OBJC_ARC = YES;
				CLANG_ENABLE_OBJC_WEAK = YES;
				CLANG_WARN_BLOCK_CAPTURE_AUTORELEASING = YES;
				CLANG_WARN_BOOL_CONVERSION = YES;
				CLANG_WARN_COMMA = YES;
				CLANG_WARN_CONSTANT_CONVERSION = YES;
				CLANG_WARN_DEPRECATED_OBJC_IMPLEMENTATIONS = YES;
				CLANG_WARN_DIRECT_OBJC_ISA_USAGE = YES_ERROR;
				CLANG_WARN_DOCUMENTATION_COMMENTS = YES;
				CLANG_WARN_EMPTY_BODY = YES;
				CLANG_WARN_ENUM_CONVERSION = YES;
				CLANG_WARN_INFINITE_RECURSION = YES;
				CLANG_WARN_INT_CONVERSION = YES;
				CLANG_WARN_NON_LITERAL_NULL_CONVERSION = YES;
				CLANG_WARN_OBJC_IMPLICIT_RETAIN_SELF = YES;
				CLANG_WARN_OBJC_LITERAL_CONVERSION = YES;
				CLANG_WARN_OBJC_ROOT_CLASS = YES_ERROR;
				CLANG_WARN_QUOTED_INCLUDE_IN_FRAMEWORK_HEADER = YES;
				CLANG_WARN_RANGE_LOOP_ANALYSIS = YES;
				CLANG_WARN_STRICT_PROTOTYPES = YES;
				CLANG_WARN_SUSPICIOUS_MOVE = YES;
				CLANG_WARN_UNGUARDED_AVAILABILITY = YES_AGGRESSIVE;
				CLANG_WARN_UNREACHABLE_CODE = YES;
				CLANG_WARN__DUPLICATE_METHOD_MATCH = YES;
				COPY_PHASE_STRIP = NO;
				DEBUG_INFORMATION_FORMAT = "dwarf-with-dsym";
				ENABLE_NS_ASSERTIONS = NO;
				ENABLE_STRICT_OBJC_MSGSEND = YES;
				GCC_C_LANGUAGE_STANDARD = gnu11;
				GCC_NO_COMMON_BLOCKS = YES;
				GCC_WARN_64_TO_32_BIT_CONVERSION = YES;
				GCC_WARN_ABOUT_RETURN_TYPE = YES_ERROR;
				GCC_WARN_UNDECLARED_SELECTOR = YES;
				GCC_WARN_UNINITIALIZED_AUTOS = YES_AGGRESSIVE;
				GCC_WARN_UNUSED_FUNCTION = YES;
				GCC_WARN_UNUSED_VARIABLE = YES;
				IPHONEOS_DEPLOYMENT_TARGET = 10.0;
				MTL_ENABLE_DEBUG_INFO = NO;
				MTL_FAST_MATH = YES;
				SDKROOT = iphoneos;
				SWIFT_COMPILATION_MODE = wholemodule;
				SWIFT_OPTIMIZATION_LEVEL = "-O";
				VALIDATE_PRODUCT = YES;
			};
			name = Release;
		};
		10CD3B1E25FB77FC00A62858 /* Debug */ = {
			isa = XCBuildConfiguration;
			baseConfigurationReference = 2BDBBDBAED84BBA205DAF695 /* Pods-webrtc-callkit.debug.xcconfig */;
			buildSettings = {
				ASSETCATALOG_COMPILER_APPICON_NAME = AppIcon;
				ASSETCATALOG_COMPILER_GLOBAL_ACCENT_COLOR_NAME = AccentColor;
				CODE_SIGN_STYLE = Automatic;
				DEVELOPMENT_TEAM = P85PYLD8U2;
				ENABLE_BITCODE = NO;
				INFOPLIST_FILE = "webrtc-callkit/Info.plist";
				IPHONEOS_DEPLOYMENT_TARGET = 10.0;
				LD_RUNPATH_SEARCH_PATHS = (
					"$(inherited)",
					"@executable_path/Frameworks",
				);
				PRODUCT_BUNDLE_IDENTIFIER = "app.getsince..webrtc-callkit";
				PRODUCT_NAME = "$(TARGET_NAME)";
				SWIFT_VERSION = 5.0;
				TARGETED_DEVICE_FAMILY = 1;
			};
			name = Debug;
		};
		10CD3B1F25FB77FC00A62858 /* Release */ = {
			isa = XCBuildConfiguration;
			baseConfigurationReference = 4E0B0F8519983AC6B8B4FD85 /* Pods-webrtc-callkit.release.xcconfig */;
			buildSettings = {
				ASSETCATALOG_COMPILER_APPICON_NAME = AppIcon;
				ASSETCATALOG_COMPILER_GLOBAL_ACCENT_COLOR_NAME = AccentColor;
				CODE_SIGN_STYLE = Automatic;
				DEVELOPMENT_TEAM = P85PYLD8U2;
				ENABLE_BITCODE = NO;
				INFOPLIST_FILE = "webrtc-callkit/Info.plist";
				IPHONEOS_DEPLOYMENT_TARGET = 10.0;
				LD_RUNPATH_SEARCH_PATHS = (
					"$(inherited)",
					"@executable_path/Frameworks",
				);
				PRODUCT_BUNDLE_IDENTIFIER = "app.getsince..webrtc-callkit";
				PRODUCT_NAME = "$(TARGET_NAME)";
				SWIFT_VERSION = 5.0;
				TARGETED_DEVICE_FAMILY = 1;
			};
			name = Release;
		};
/* End XCBuildConfiguration section */

/* Begin XCConfigurationList section */
		10CD3B0425FB77F900A62858 /* Build configuration list for PBXProject "webrtc-callkit" */ = {
			isa = XCConfigurationList;
			buildConfigurations = (
				10CD3B1B25FB77FC00A62858 /* Debug */,
				10CD3B1C25FB77FC00A62858 /* Release */,
			);
			defaultConfigurationIsVisible = 0;
			defaultConfigurationName = Release;
		};
		10CD3B1D25FB77FC00A62858 /* Build configuration list for PBXNativeTarget "webrtc-callkit" */ = {
			isa = XCConfigurationList;
			buildConfigurations = (
				10CD3B1E25FB77FC00A62858 /* Debug */,
				10CD3B1F25FB77FC00A62858 /* Release */,
			);
			defaultConfigurationIsVisible = 0;
			defaultConfigurationName = Release;
		};
/* End XCConfigurationList section */
	};
	rootObject = 10CD3B0125FB77F900A62858 /* Project object */;
}
